{
  "lockfile-version": 1,
  "manifest": {
    "version": 1,
    "install": {
      "godot_4_3": {
        "pkg-path": "godot_4_3",
        "systems": [
          "aarch64-linux",
          "x86_64-linux"
        ]
      },
      "steam-run-free": {
        "pkg-path": "steam-run-free",
        "systems": [
          "x86_64-linux"
        ]
      }
    },
    "hook": {},
    "profile": {},
    "options": {}
  },
  "packages": [
    {
      "attr_path": "godot_4_3",
      "broken": false,
      "derivation": "/nix/store/d5dvl4mkv0a6dd7yr6vfdwl2sgmxrv5l-godot-4.3-stable.drv",
      "description": "Free and Open Source 2D and 3D game engine",
      "install_id": "godot_4_3",
      "license": "MIT",
      "locked_url": "https://github.com/flox/nixpkgs?rev=6a08e6bb4e46ff7fcbb53d409b253f6bad8a28ce",
      "name": "godot-4.3-stable",
      "pname": "godot_4_3",
      "rev": "6a08e6bb4e46ff7fcbb53d409b253f6bad8a28ce",
      "rev_count": 883951,
      "rev_date": "2025-10-25T06:24:58Z",
      "scrape_date": "2025-10-27T02:18:27.960443Z",
      "stabilities": [
        "unstable"
      ],
      "unfree": false,
      "version": "4.3-stable",
      "outputs_to_install": [
        "man",
        "out"
      ],
      "outputs": {
        "debug": "/nix/store/yrwaficmyqlfbi1k6ih7h5agadks0rnk-godot-4.3-stable-debug",
        "man": "/nix/store/4c0y2lp4dbczdq637l6g2crzyayclh3b-godot-4.3-stable-man",
        "out": "/nix/store/417mmk4630l6w90sg7l3xn6xdxj2ijbr-godot-4.3-stable"
      },
      "system": "aarch64-linux",
      "group": "toplevel",
      "priority": 5
    },
    {
      "attr_path": "godot_4_3",
      "broken": false,
      "derivation": "/nix/store/lnxrfc5kzh57fib0shdbc7y2l9lxbj4i-godot-4.3-stable.drv",
      "description": "Free and Open Source 2D and 3D game engine",
      "install_id": "godot_4_3",
      "license": "MIT",
      "locked_url": "https://github.com/flox/nixpkgs?rev=6a08e6bb4e46ff7fcbb53d409b253f6bad8a28ce",
      "name": "godot-4.3-stable",
      "pname": "godot_4_3",
      "rev": "6a08e6bb4e46ff7fcbb53d409b253f6bad8a28ce",
      "rev_count": 883951,
      "rev_date": "2025-10-25T06:24:58Z",
      "scrape_date": "2025-10-27T03:00:56.354552Z",
      "stabilities": [
        "unstable"
      ],
      "unfree": false,
      "version": "4.3-stable",
      "outputs_to_install": [
        "man",
        "out"
      ],
      "outputs": {
        "debug": "/nix/store/jw1j9p7xq9v01251br6vr6rgmq22qdpn-godot-4.3-stable-debug",
        "man": "/nix/store/wcjs52vqq8jn39p0c7hcdmqhwi80j2ba-godot-4.3-stable-man",
        "out": "/nix/store/q2rv5hnwdlxwimalbcz8m7ppcdn32fas-godot-4.3-stable"
      },
      "system": "x86_64-linux",
      "group": "toplevel",
      "priority": 5
    },
    {
      "attr_path": "steam-run-free",
      "broken": false,
      "derivation": "/nix/store/ks6m5x6jzfpfwkz9ydymwjhhd2y1kccd-steam-run.drv",
      "description": "Run commands in the same FHS environment that is used for Steam",
      "install_id": "steam-run-free",
      "license": "MIT",
      "locked_url": "https://github.com/flox/nixpkgs?rev=6a08e6bb4e46ff7fcbb53d409b253f6bad8a28ce",
      "name": "steam-run",
      "pname": "steam-run-free",
      "rev": "6a08e6bb4e46ff7fcbb53d409b253f6bad8a28ce",
      "rev_count": 883951,
      "rev_date": "2025-10-25T06:24:58Z",
      "scrape_date": "2025-10-27T03:03:28.938173Z",
      "stabilities": [
        "unstable"
      ],
      "unfree": false,
      "version": "steam-run",
      "outputs_to_install": [
        "out"
      ],
      "outputs": {
        "out": "/nix/store/4ikj4gsack7j82i6w8skmh280nhp1b7z-steam-run"
      },
      "system": "x86_64-linux",
      "group": "toplevel",
      "priority": 5
    }
  ]
}